
Microsoft Visual Studio Solution File, Format Version 12.00
# Visual Studio Version 17
VisualStudioVersion = 17.7.34024.191
MinimumVisualStudioVersion = 10.0.40219.1
Project("{FAE04EC0-301F-11D3-BF4B-00C04F79EFBC}") = "Tyuiu.SvitkovIA.Sprint7.Project.V9.Lib", "Tyuiu.SvitkovIA.Sprint7.Project.V9.Lib\Tyuiu.SvitkovIA.Sprint7.Project.V9.Lib.csproj", "{A2E15CA5-6334-4885-93AB-8FEB0AF86762}"
EndProject
Project("{FAE04EC0-301F-11D3-BF4B-00C04F79EFBC}") = "Tyuiu.SvitkovIA.Sprint7.Project.V9.Test", "Tyuiu.SvitkovIA.Sprint7.Project.V9.Test\Tyuiu.SvitkovIA.Sprint7.Project.V9.Test.csproj", "{CE3E8272-ED7B-441E-9051-A8157525CC7C}"
EndProject
Project("{FAE04EC0-301F-11D3-BF4B-00C04F79EFBC}") = "Tyuiu.SvitkovIA.Sprint7.Project.V9", "Tyuiu.SvitkovIA.Sprint7.Project.V9\Tyuiu.SvitkovIA.Sprint7.Project.V9.csproj", "{06CD99E8-7B58-49C6-A0F4-FD9C1EC60BAF}"
EndProject
Project("{FAE04EC0-301F-11D3-BF4B-00C04F79EFBC}") = "ConsoleApp1", "ConsoleApp1\ConsoleApp1.csproj", "{C4EA5786-633D-40CB-A495-224C2A67939D}"
EndProject
Global
	GlobalSection(SolutionConfigurationPlatforms) = preSolution
		Debug|Any CPU = Debug|Any CPU
		Release|Any CPU = Release|Any CPU
	EndGlobalSection
	GlobalSection(ProjectConfigurationPlatforms) = postSolution
		{A2E15CA5-6334-4885-93AB-8FEB0AF86762}.Debug|Any CPU.ActiveCfg = Debug|Any CPU
		{A2E15CA5-6334-4885-93AB-8FEB0AF86762}.Debug|Any CPU.Build.0 = Debug|Any CPU
		{A2E15CA5-6334-4885-93AB-8FEB0AF86762}.Release|Any CPU.ActiveCfg = Release|Any CPU
		{A2E15CA5-6334-4885-93AB-8FEB0AF86762}.Release|Any CPU.Build.0 = Release|Any CPU
		{CE3E8272-ED7B-441E-9051-A8157525CC7C}.Debug|Any CPU.ActiveCfg = Debug|Any CPU
		{CE3E8272-ED7B-441E-9051-A8157525CC7C}.Debug|Any CPU.Build.0 = Debug|Any CPU
		{CE3E8272-ED7B-441E-9051-A8157525CC7C}.Release|Any CPU.ActiveCfg = Release|Any CPU
		{CE3E8272-ED7B-441E-9051-A8157525CC7C}.Release|Any CPU.Build.0 = Release|Any CPU
		{06CD99E8-7B58-49C6-A0F4-FD9C1EC60BAF}.Debug|Any CPU.ActiveCfg = Debug|Any CPU
		{06CD99E8-7B58-49C6-A0F4-FD9C1EC60BAF}.Debug|Any CPU.Build.0 = Debug|Any CPU
		{06CD99E8-7B58-49C6-A0F4-FD9C1EC60BAF}.Release|Any CPU.ActiveCfg = Release|Any CPU
		{06CD99E8-7B58-49C6-A0F4-FD9C1EC60BAF}.Release|Any CPU.Build.0 = Release|Any CPU
		{C4EA5786-633D-40CB-A495-224C2A67939D}.Debug|Any CPU.ActiveCfg = Debug|Any CPU
		{C4EA5786-633D-40CB-A495-224C2A67939D}.Debug|Any CPU.Build.0 = Debug|Any CPU
		{C4EA5786-633D-40CB-A495-224C2A67939D}.Release|Any CPU.ActiveCfg = Release|Any CPU
		{C4EA5786-633D-40CB-A495-224C2A67939D}.Release|Any CPU.Build.0 = Release|Any CPU
	EndGlobalSection
	GlobalSection(SolutionProperties) = preSolution
		HideSolutionNode = FALSE
	EndGlobalSection
	GlobalSection(ExtensibilityGlobals) = postSolution
		SolutionGuid = {62DE4794-929B-4C8F-90D4-0384D05CE048}
	EndGlobalSection
EndGlobal
